<?xml version="1.0" encoding="utf-8"?>
<Project ToolsVersion="4.0" xmlns="http://schemas.microsoft.com/developer/msbuild/2003">
  <ItemGroup>
    <Filter Include="源文件">
      <UniqueIdentifier>{4FC737F1-C7A5-4376-A066-2A32D752A2FF}</UniqueIdentifier>
      <Extensions>cpp;c;cc;cxx;def;odl;idl;hpj;bat;asm;asmx</Extensions>
    </Filter>
    <Filter Include="头文件">
      <UniqueIdentifier>{93995380-89BD-4b04-88EB-625FBE52EBFB}</UniqueIdentifier>
      <Extensions>h;hh;hpp;hxx;hm;inl;inc;ipp;xsd</Extensions>
    </Filter>
    <Filter Include="资源文件">
      <UniqueIdentifier>{67DA6AB6-F800-4c08-8B7A-83BB121AAD01}</UniqueIdentifier>
      <Extensions>rc;ico;cur;bmp;dlg;rc2;rct;bin;rgs;gif;jpg;jpeg;jpe;resx;tiff;tif;png;wav;mfcribbon-ms</Extensions>
    </Filter>
    <Filter Include="资源文件\img">
      <UniqueIdentifier>{8168e3ea-ecb6-40f8-b288-1a1e58bfb124}</UniqueIdentifier>
    </Filter>
    <Filter Include="资源文件\shader">
      <UniqueIdentifier>{b6b73c84-c146-4e70-b98e-a0c0766aa455}</UniqueIdentifier>
    </Filter>
    <Filter Include="资源文件\mesh">
      <UniqueIdentifier>{9903d019-5362-4ded-9c1e-746f5d1a8420}</UniqueIdentifier>
    </Filter>
  </ItemGroup>
  <ItemGroup>
    <ClInclude Include="src\Miscro.h">
      <Filter>头文件</Filter>
    </ClInclude>
    <ClInclude Include="src\Primitive.h">
      <Filter>头文件</Filter>
    </ClInclude>
    <ClInclude Include="src\Shader.h">
      <Filter>头文件</Filter>
    </ClInclude>
    <ClInclude Include="src\stb_image.h">
      <Filter>头文件</Filter>
    </ClInclude>
    <ClInclude Include="src\Camera.h">
      <Filter>头文件</Filter>
    </ClInclude>
    <ClInclude Include="src\Texture2D.h">
      <Filter>头文件</Filter>
    </ClInclude>
    <ClInclude Include="src\Mesh.h">
      <Filter>头文件</Filter>
    </ClInclude>
    <ClInclude Include="src\Model.h">
      <Filter>头文件</Filter>
    </ClInclude>
  </ItemGroup>
  <ItemGroup>
    <ClCompile Include="src\stb_image.cpp">
      <Filter>源文件</Filter>
    </ClCompile>
    <ClCompile Include="src\glad.c">
      <Filter>源文件</Filter>
    </ClCompile>
    <ClCompile Include="src\main.cpp">
      <Filter>源文件</Filter>
    </ClCompile>
    <ClCompile Include="src\Primitive.cpp">
      <Filter>源文件</Filter>
    </ClCompile>
  </ItemGroup>
  <ItemGroup>
    <Image Include="res\img\awesomeface.png">
      <Filter>资源文件\img</Filter>
    </Image>
    <Image Include="res\img\wall.jpg">
      <Filter>资源文件\img</Filter>
    </Image>
    <Image Include="res\img\light.jpg">
      <Filter>资源文件\img</Filter>
    </Image>
    <Image Include="res\img\container2.png">
      <Filter>资源文件\img</Filter>
    </Image>
    <Image Include="res\img\container2_specular.png">
      <Filter>资源文件\img</Filter>
    </Image>
    <Image Include="res\mesh\nanosuit\arm_dif.png">
      <Filter>资源文件\mesh</Filter>
    </Image>
    <Image Include="res\mesh\nanosuit\arm_showroom_ddn.png">
      <Filter>资源文件\mesh</Filter>
    </Image>
    <Image Include="res\mesh\nanosuit\arm_showroom_spec.png">
      <Filter>资源文件\mesh</Filter>
    </Image>
    <Image Include="res\mesh\nanosuit\body_dif.png">
      <Filter>资源文件\mesh</Filter>
    </Image>
    <Image Include="res\mesh\nanosuit\body_showroom_ddn.png">
      <Filter>资源文件\mesh</Filter>
    </Image>
    <Image Include="res\mesh\nanosuit\body_showroom_spec.png">
      <Filter>资源文件\mesh</Filter>
    </Image>
    <Image Include="res\mesh\nanosuit\glass_ddn.png">
      <Filter>资源文件\mesh</Filter>
    </Image>
    <Image Include="res\mesh\nanosuit\glass_dif.png">
      <Filter>资源文件\mesh</Filter>
    </Image>
    <Image Include="res\mesh\nanosuit\hand_dif.png">
      <Filter>资源文件\mesh</Filter>
    </Image>
    <Image Include="res\mesh\nanosuit\hand_showroom_ddn.png">
      <Filter>资源文件\mesh</Filter>
    </Image>
    <Image Include="res\mesh\nanosuit\hand_showroom_spec.png">
      <Filter>资源文件\mesh</Filter>
    </Image>
    <Image Include="res\mesh\nanosuit\helmet_diff.png">
      <Filter>资源文件\mesh</Filter>
    </Image>
    <Image Include="res\mesh\nanosuit\helmet_showroom_ddn.png">
      <Filter>资源文件\mesh</Filter>
    </Image>
    <Image Include="res\mesh\nanosuit\helmet_showroom_spec.png">
      <Filter>资源文件\mesh</Filter>
    </Image>
    <Image Include="res\mesh\nanosuit\leg_dif.png">
      <Filter>资源文件\mesh</Filter>
    </Image>
    <Image Include="res\mesh\nanosuit\leg_showroom_ddn.png">
      <Filter>资源文件\mesh</Filter>
    </Image>
    <Image Include="res\mesh\nanosuit\leg_showroom_spec.png">
      <Filter>资源文件\mesh</Filter>
    </Image>
  </ItemGroup>
  <ItemGroup>
    <None Include="res\shader\uv.frag">
      <Filter>资源文件\shader</Filter>
    </None>
    <None Include="res\shader\uv.vert">
      <Filter>资源文件\shader</Filter>
    </None>
    <None Include="res\shader\light.vert">
      <Filter>资源文件\shader</Filter>
    </None>
    <None Include="res\shader\light.frag">
      <Filter>资源文件\shader</Filter>
    </None>
    <None Include="res\shader\object.vert">
      <Filter>资源文件\shader</Filter>
    </None>
    <None Include="res\shader\object.frag">
      <Filter>资源文件\shader</Filter>
    </None>
    <None Include="res\shader\model.vert">
      <Filter>资源文件\shader</Filter>
    </None>
    <None Include="res\shader\model.frag">
      <Filter>资源文件\shader</Filter>
    </None>
    <None Include="res\mesh\nanosuit\nanosuit.blend">
      <Filter>资源文件\mesh</Filter>
    </None>
    <None Include="res\mesh\nanosuit\nanosuit.mtl">
      <Filter>资源文件\mesh</Filter>
    </None>
  </ItemGroup>
  <ItemGroup>
    <Text Include="res\mesh\nanosuit\LICENSE.txt">
      <Filter>资源文件\mesh</Filter>
    </Text>
  </ItemGroup>
  <ItemGroup>
    <Object Include="res\mesh\nanosuit\nanosuit.obj">
      <Filter>资源文件\mesh</Filter>
    </Object>
  </ItemGroup>
</Project>